// !$*UTF8*$!
{
	archiveVersion = 1;
	classes = {
	};
	objectVersion = 55;
	objects = {

/* Begin PBXBuildFile section */
		B542122027F3809C00B26F86 /* AppDelegate.swift in Sources */ = {isa = PBXBuildFile; fileRef = B542121F27F3809C00B26F86 /* AppDelegate.swift */; };
		B542122227F3809C00B26F86 /* SceneDelegate.swift in Sources */ = {isa = PBXBuildFile; fileRef = B542122127F3809C00B26F86 /* SceneDelegate.swift */; };
		B542122A27F3809C00B26F86 /* BMI_BMR_Calculator.xcdatamodeld in Sources */ = {isa = PBXBuildFile; fileRef = B542122827F3809C00B26F86 /* BMI_BMR_Calculator.xcdatamodeld */; };
		B542123727F3814300B26F86 /* Main.storyboard in Resources */ = {isa = PBXBuildFile; fileRef = B542123627F3814300B26F86 /* Main.storyboard */; };
		B542123927F3815B00B26F86 /* Assets.xcassets in Resources */ = {isa = PBXBuildFile; fileRef = B542123827F3815A00B26F86 /* Assets.xcassets */; };
		B542124B27F3819300B26F86 /* LaunchScreen.storyboard in Resources */ = {isa = PBXBuildFile; fileRef = B542124A27F3819300B26F86 /* LaunchScreen.storyboard */; };
		B544E00327F383DC006435D6 /* bmrForMale.swift in Sources */ = {isa = PBXBuildFile; fileRef = B544DFFB27F383DB006435D6 /* bmrForMale.swift */; };
		B544E00427F383DC006435D6 /* IdealWeightModel.swift in Sources */ = {isa = PBXBuildFile; fileRef = B544DFFC27F383DB006435D6 /* IdealWeightModel.swift */; };
		B544E00527F383DC006435D6 /* CalculaterVC.swift in Sources */ = {isa = PBXBuildFile; fileRef = B544DFFD27F383DB006435D6 /* CalculaterVC.swift */; };
		B544E00627F383DC006435D6 /* BmrForFemale.swift in Sources */ = {isa = PBXBuildFile; fileRef = B544DFFE27F383DB006435D6 /* BmrForFemale.swift */; };
		B544E00727F383DC006435D6 /* ResultVC.swift in Sources */ = {isa = PBXBuildFile; fileRef = B544DFFF27F383DB006435D6 /* ResultVC.swift */; };
		B544E00827F383DC006435D6 /* HistoryVC.swift in Sources */ = {isa = PBXBuildFile; fileRef = B544E00027F383DB006435D6 /* HistoryVC.swift */; };
		B544E00927F383DC006435D6 /* bmiModel.swift in Sources */ = {isa = PBXBuildFile; fileRef = B544E00127F383DB006435D6 /* bmiModel.swift */; };
		B544E00A27F383DC006435D6 /* SecondWeightModel.swift in Sources */ = {isa = PBXBuildFile; fileRef = B544E00227F383DC006435D6 /* SecondWeightModel.swift */; };
/* End PBXBuildFile section */

/* Begin PBXFileReference section */
		B542121C27F3809C00B26F86 /* BMI-BMR-Calculator.app */ = {isa = PBXFileReference; explicitFileType = wrapper.application; includeInIndex = 0; path = "BMI-BMR-Calculator.app"; sourceTree = BUILT_PRODUCTS_DIR; };
		B542121F27F3809C00B26F86 /* AppDelegate.swift */ = {isa = PBXFileReference; lastKnownFileType = sourcecode.swift; path = AppDelegate.swift; sourceTree = "<group>"; };
		B542122127F3809C00B26F86 /* SceneDelegate.swift */ = {isa = PBXFileReference; lastKnownFileType = sourcecode.swift; path = SceneDelegate.swift; sourceTree = "<group>"; };
		B542122927F3809C00B26F86 /* BMI_BMR_Calculator.xcdatamodel */ = {isa = PBXFileReference; lastKnownFileType = wrapper.xcdatamodel; path = BMI_BMR_Calculator.xcdatamodel; sourceTree = "<group>"; };
		B542123027F3809E00B26F86 /* Info.plist */ = {isa = PBXFileReference; lastKnownFileType = text.plist.xml; path = Info.plist; sourceTree = "<group>"; };
		B542123627F3814300B26F86 /* Main.storyboard */ = {isa = PBXFileReference; fileEncoding = 4; lastKnownFileType = file.storyboard; path = Main.storyboard; sourceTree = "<group>"; };
		B542123827F3815A00B26F86 /* Assets.xcassets */ = {isa = PBXFileReference; lastKnownFileType = folder.assetcatalog; path = Assets.xcassets; sourceTree = "<group>"; };
		B542124A27F3819300B26F86 /* LaunchScreen.storyboard */ = {isa = PBXFileReference; fileEncoding = 4; lastKnownFileType = file.storyboard; path = LaunchScreen.storyboard; sourceTree = "<group>"; };
		B544DFFB27F383DB006435D6 /* bmrForMale.swift */ = {isa = PBXFileReference; fileEncoding = 4; lastKnownFileType = sourcecode.swift; name = bmrForMale.swift; path = ../../../Desktop/bmii/bmrForMale.swift; sourceTree = "<group>"; };
		B544DFFC27F383DB006435D6 /* IdealWeightModel.swift */ = {isa = PBXFileReference; fileEncoding = 4; lastKnownFileType = sourcecode.swift; name = IdealWeightModel.swift; path = ../../../Desktop/bmii/IdealWeightModel.swift; sourceTree = "<group>"; };
		B544DFFD27F383DB006435D6 /* CalculaterVC.swift */ = {isa = PBXFileReference; fileEncoding = 4; lastKnownFileType = sourcecode.swift; name = CalculaterVC.swift; path = ../../../Desktop/bmii/CalculaterVC.swift; sourceTree = "<group>"; };
		B544DFFE27F383DB006435D6 /* BmrForFemale.swift */ = {isa = PBXFileReference; fileEncoding = 4; lastKnownFileType = sourcecode.swift; path = BmrForFemale.swift; sourceTree = "<group>"; };
		B544DFFF27F383DB006435D6 /* ResultVC.swift */ = {isa = PBXFileReference; fileEncoding = 4; lastKnownFileType = sourcecode.swift; name = ResultVC.swift; path = ../../../Desktop/bmii/ResultVC.swift; sourceTree = "<group>"; };
		B544E00027F383DB006435D6 /* HistoryVC.swift */ = {isa = PBXFileReference; fileEncoding = 4; lastKnownFileType = sourcecode.swift; name = HistoryVC.swift; path = ../../../Desktop/bmii/HistoryVC.swift; sourceTree = "<group>"; };
		B544E00127F383DB006435D6 /* bmiModel.swift */ = {isa = PBXFileReference; fileEncoding = 4; lastKnownFileType = sourcecode.swift; path = bmiModel.swift; sourceTree = "<group>"; };
		B544E00227F383DC006435D6 /* SecondWeightModel.swift */ = {isa = PBXFileReference; fileEncoding = 4; lastKnownFileType = sourcecode.swift; name = SecondWeightModel.swift; path = ../../../Desktop/bmii/SecondWeightModel.swift; sourceTree = "<group>"; };
/* End PBXFileReference section */

/* Begin PBXFrameworksBuildPhase section */
		B542121927F3809C00B26F86 /* Frameworks */ = {
			isa = PBXFrameworksBuildPhase;
			buildActionMask = 2147483647;
			files = (
			);
			runOnlyForDeploymentPostprocessing = 0;
		};
/* End PBXFrameworksBuildPhase section */

/* Begin PBXGroup section */
		B542121327F3809C00B26F86 = {
			isa = PBXGroup;
			children = (
				B542121E27F3809C00B26F86 /* BMI-BMR-Calculator */,
				B542121D27F3809C00B26F86 /* Products */,
			);
			sourceTree = "<group>";
		};
		B542121D27F3809C00B26F86 /* Products */ = {
			isa = PBXGroup;
			children = (
				B542121C27F3809C00B26F86 /* BMI-BMR-Calculator.app */,
			);
			name = Products;
			sourceTree = "<group>";
		};
		B542121E27F3809C00B26F86 /* BMI-BMR-Calculator */ = {
			isa = PBXGroup;
			children = (
				B542121F27F3809C00B26F86 /* AppDelegate.swift */,
				B542122127F3809C00B26F86 /* SceneDelegate.swift */,
				B544E00127F383DB006435D6 /* bmiModel.swift */,
				B544DFFE27F383DB006435D6 /* BmrForFemale.swift */,
				B544DFFB27F383DB006435D6 /* bmrForMale.swift */,
				B544DFFD27F383DB006435D6 /* CalculaterVC.swift */,
				B544E00027F383DB006435D6 /* HistoryVC.swift */,
				B544DFFC27F383DB006435D6 /* IdealWeightModel.swift */,
				B544DFFF27F383DB006435D6 /* ResultVC.swift */,
				B544E00227F383DC006435D6 /* SecondWeightModel.swift */,
				B542123627F3814300B26F86 /* Main.storyboard */,
				B542124A27F3819300B26F86 /* LaunchScreen.storyboard */,
				B542123827F3815A00B26F86 /* Assets.xcassets */,
				B542123027F3809E00B26F86 /* Info.plist */,
				B542122827F3809C00B26F86 /* BMI_BMR_Calculator.xcdatamodeld */,
			);
			path = "BMI-BMR-Calculator";
			sourceTree = "<group>";
		};
/* End PBXGroup section */

/* Begin PBXNativeTarget section */
		B542121B27F3809C00B26F86 /* BMI-BMR-Calculator */ = {
			isa = PBXNativeTarget;
			buildConfigurationList = B542123327F3809F00B26F86 /* Build configuration list for PBXNativeTarget "BMI-BMR-Calculator" */;
			buildPhases = (
				B542121827F3809C00B26F86 /* Sources */,
				B542121927F3809C00B26F86 /* Frameworks */,
				B542121A27F3809C00B26F86 /* Resources */,
			);
			buildRules = (
			);
			dependencies = (
			);
			name = "BMI-BMR-Calculator";
			productName = "BMI-BMR-Calculator";
			productReference = B542121C27F3809C00B26F86 /* BMI-BMR-Calculator.app */;
			productType = "com.apple.product-type.application";
		};
/* End PBXNativeTarget section */

/* Begin PBXProject section */
		B542121427F3809C00B26F86 /* Project object */ = {
			isa = PBXProject;
			attributes = {
				BuildIndependentTargetsInParallel = 1;
				LastSwiftUpdateCheck = 1330;
				LastUpgradeCheck = 1330;
				TargetAttributes = {
					B542121B27F3809C00B26F86 = {
						CreatedOnToolsVersion = 13.3;
					};
				};
			};
			buildConfigurationList = B542121727F3809C00B26F86 /* Build configuration list for PBXProject "BMI-BMR-Calculator" */;
			compatibilityVersion = "Xcode 13.0";
			developmentRegion = en;
			hasScannedForEncodings = 0;
			knownRegions = (
				en,
				Base,
			);
			mainGroup = B542121327F3809C00B26F86;
			productRefGroup = B542121D27F3809C00B26F86 /* Products */;
			projectDirPath = "";
			projectRoot = "";
			targets = (
				B542121B27F3809C00B26F86 /* BMI-BMR-Calculator */,
			);
		};
/* End PBXProject section */

/* Begin PBXResourcesBuildPhase section */
		B542121A27F3809C00B26F86 /* Resources */ = {
			isa = PBXResourcesBuildPhase;
			buildActionMask = 2147483647;
			files = (
				B542124B27F3819300B26F86 /* LaunchScreen.storyboard in Resources */,
				B542123727F3814300B26F86 /* Main.storyboard in Resources */,
				B542123927F3815B00B26F86 /* Assets.xcassets in Resources */,
			);
			runOnlyForDeploymentPostprocessing = 0;
		};
/* End PBXResourcesBuildPhase section */

/* Begin PBXSourcesBuildPhase section */
		B542121827F3809C00B26F86 /* Sources */ = {
			isa = PBXSourcesBuildPhase;
			buildActionMask = 2147483647;
			files = (
				B544E00927F383DC006435D6 /* bmiModel.swift in Sources */,
				B544E00427F383DC006435D6 /* IdealWeightModel.swift in Sources */,
				B544E00A27F383DC006435D6 /* SecondWeightModel.swift in Sources */,
				B544E00727F383DC006435D6 /* ResultVC.swift in Sources */,
				B542122A27F3809C00B26F86 /* BMI_BMR_Calculator.xcdatamodeld in Sources */,
				B542122027F3809C00B26F86 /* AppDelegate.swift in Sources */,
				B544E00327F383DC006435D6 /* bmrForMale.swift in Sources */,
				B544E00527F383DC006435D6 /* CalculaterVC.swift in Sources */,
				B544E00627F383DC006435D6 /* BmrForFemale.swift in Sources */,
				B544E00827F383DC006435D6 /* HistoryVC.swift in Sources */,
				B542122227F3809C00B26F86 /* SceneDelegate.swift in Sources */,
			);
			runOnlyForDeploymentPostprocessing = 0;
		};
/* End PBXSourcesBuildPhase section */

/* Begin XCBuildConfiguration section */
		B542123127F3809F00B26F86 /* Debug */ = {
			isa = XCBuildConfiguration;
			buildSettings = {
				ALWAYS_SEARCH_USER_PATHS = NO;
				CLANG_ANALYZER_NONNULL = YES;
				CLANG_ANALYZER_NUMBER_OBJECT_CONVERSION = YES_AGGRESSIVE;
				CLANG_CXX_LANGUAGE_STANDARD = "gnu++17";
				CLANG_ENABLE_MODULES = YES;
				CLANG_ENABLE_OBJC_ARC = YES;
				CLANG_ENABLE_OBJC_WEAK = YES;
				CLANG_WARN_BLOCK_CAPTURE_AUTORELEASING = YES;
				CLANG_WARN_BOOL_CONVERSION = YES;
				CLANG_WARN_COMMA = YES;
				CLANG_WARN_CONSTANT_CONVERSION = YES;
				CLANG_WARN_DEPRECATED_OBJC_IMPLEMENTATIONS = YES;
				CLANG_WARN_DIRECT_OBJC_ISA_USAGE = YES_ERROR;
				CLANG_WARN_DOCUMENTATION_COMMENTS = YES;
				CLANG_WARN_EMPTY_BODY = YES;
				CLANG_WARN_ENUM_CONVERSION = YES;
				CLANG_WARN_INFINITE_RECURSION = YES;
				CLANG_WARN_INT_CONVERSION = YES;
				CLANG_WARN_NON_LITERAL_NULL_CONVERSION = YES;
				CLANG_WARN_OBJC_IMPLICIT_RETAIN_SELF = YES;
				CLANG_WARN_OBJC_LITERAL_CONVERSION = YES;
				CLANG_WARN_OBJC_ROOT_CLASS = YES_ERROR;
				CLANG_WARN_QUOTED_INCLUDE_IN_FRAMEWORK_HEADER = YES;
				CLANG_WARN_RANGE_LOOP_ANALYSIS = YES;
				CLANG_WARN_STRICT_PROTOTYPES = YES;
				CLANG_WARN_SUSPICIOUS_MOVE = YES;
				CLANG_WARN_UNGUARDED_AVAILABILITY = YES_AGGRESSIVE;
				CLANG_WARN_UNREACHABLE_CODE = YES;
				CLANG_WARN__DUPLICATE_METHOD_MATCH = YES;
				COPY_PHASE_STRIP = NO;
				DEBUG_INFORMATION_FORMAT = dwarf;
				ENABLE_STRICT_OBJC_MSGSEND = YES;
				ENABLE_TESTABILITY = YES;
				GCC_C_LANGUAGE_STANDARD = gnu11;
				GCC_DYNAMIC_NO_PIC = NO;
				GCC_NO_COMMON_BLOCKS = YES;
				GCC_OPTIMIZATION_LEVEL = 0;
				GCC_PREPROCESSOR_DEFINITIONS = (
					"DEBUG=1",
					"$(inherited)",
				);
				GCC_WARN_64_TO_32_BIT_CONVERSION = YES;
				GCC_WARN_ABOUT_RETURN_TYPE = YES_ERROR;
				GCC_WARN_UNDECLARED_SELECTOR = YES;
				GCC_WARN_UNINITIALIZED_AUTOS = YES_AGGRESSIVE;
				GCC_WARN_UNUSED_FUNCTION = YES;
				GCC_WARN_UNUSED_VARIABLE = YES;
				IPHONEOS_DEPLOYMENT_TARGET = 15.4;
				MTL_ENABLE_DEBUG_INFO = INCLUDE_SOURCE;
				MTL_FAST_MATH = YES;
				ONLY_ACTIVE_ARCH = YES;
				SDKROOT = iphoneos;
				SWIFT_ACTIVE_COMPILATION_CONDITIONS = DEBUG;
				SWIFT_OPTIMIZATION_LEVEL = "-Onone";
			};
			name = Debug;
		};
		B542123227F3809F00B26F86 /* Release */ = {
			isa = XCBuildConfiguration;
			buildSettings = {
				ALWAYS_SEARCH_USER_PATHS = NO;
				CLANG_ANALYZER_NONNULL = YES;
				CLANG_ANALYZER_NUMBER_OBJECT_CONVERSION = YES_AGGRESSIVE;
				CLANG_CXX_LANGUAGE_STANDARD = "gnu++17";
				CLANG_ENABLE_MODULES = YES;
				CLANG_ENABLE_OBJC_ARC = YES;
				CLANG_ENABLE_OBJC_WEAK = YES;
				CLANG_WARN_BLOCK_CAPTURE_AUTORELEASING = YES;
				CLANG_WARN_BOOL_CONVERSION = YES;
				CLANG_WARN_COMMA = YES;
				CLANG_WARN_CONSTANT_CONVERSION = YES;
				CLANG_WARN_DEPRECATED_OBJC_IMPLEMENTATIONS = YES;
				CLANG_WARN_DIRECT_OBJC_ISA_USAGE = YES_ERROR;
				CLANG_WARN_DOCUMENTATION_COMMENTS = YES;
				CLANG_WARN_EMPTY_BODY = YES;
				CLANG_WARN_ENUM_CONVERSION = YES;
				CLANG_WARN_INFINITE_RECURSION = YES;
				CLANG_WARN_INT_CONVERSION = YES;
				CLANG_WARN_NON_LITERAL_NULL_CONVERSION = YES;
				CLANG_WARN_OBJC_IMPLICIT_RETAIN_SELF = YES;
				CLANG_WARN_OBJC_LITERAL_CONVERSION = YES;
				CLANG_WARN_OBJC_ROOT_CLASS = YES_ERROR;
				CLANG_WARN_QUOTED_INCLUDE_IN_FRAMEWORK_HEADER = YES;
				CLANG_WARN_RANGE_LOOP_ANALYSIS = YES;
				CLANG_WARN_STRICT_PROTOTYPES = YES;
				CLANG_WARN_SUSPICIOUS_MOVE = YES;
				CLANG_WARN_UNGUARDED_AVAILABILITY = YES_AGGRESSIVE;
				CLANG_WARN_UNREACHABLE_CODE = YES;
				CLANG_WARN__DUPLICATE_METHOD_MATCH = YES;
				COPY_PHASE_STRIP = NO;
				DEBUG_INFORMATION_FORMAT = "dwarf-with-dsym";
				ENABLE_NS_ASSERTIONS = NO;
				ENABLE_STRICT_OBJC_MSGSEND = YES;
				GCC_C_LANGUAGE_STANDARD = gnu11;
				GCC_NO_COMMON_BLOCKS = YES;
				GCC_WARN_64_TO_32_BIT_CONVERSION = YES;
				GCC_WARN_ABOUT_RETURN_TYPE = YES_ERROR;
				GCC_WARN_UNDECLARED_SELECTOR = YES;
				GCC_WARN_UNINITIALIZED_AUTOS = YES_AGGRESSIVE;
				GCC_WARN_UNUSED_FUNCTION = YES;
				GCC_WARN_UNUSED_VARIABLE = YES;
				IPHONEOS_DEPLOYMENT_TARGET = 15.4;
				MTL_ENABLE_DEBUG_INFO = NO;
				MTL_FAST_MATH = YES;
				SDKROOT = iphoneos;
				SWIFT_COMPILATION_MODE = wholemodule;
				SWIFT_OPTIMIZATION_LEVEL = "-O";
				VALIDATE_PRODUCT = YES;
			};
			name = Release;
		};
		B542123427F3809F00B26F86 /* Debug */ = {
			isa = XCBuildConfiguration;
			buildSettings = {
				ASSETCATALOG_COMPILER_APPICON_NAME = AppIcon;
				ASSETCATALOG_COMPILER_GLOBAL_ACCENT_COLOR_NAME = AccentColor;
				CODE_SIGN_STYLE = Automatic;
				CURRENT_PROJECT_VERSION = 1;
				DEVELOPMENT_TEAM = 757AUR3275;
				GENERATE_INFOPLIST_FILE = YES;
				INFOPLIST_FILE = "BMI-BMR-Calculator/Info.plist";
				INFOPLIST_KEY_UIApplicationSupportsIndirectInputEvents = YES;
				INFOPLIST_KEY_UILaunchStoryboardName = LaunchScreen;
				INFOPLIST_KEY_UIMainStoryboardFile = Main;
				INFOPLIST_KEY_UISupportedInterfaceOrientations_iPad = "UIInterfaceOrientationPortrait UIInterfaceOrientationPortraitUpsideDown UIInterfaceOrientationLandscapeLeft UIInterfaceOrientationLandscapeRight";
				INFOPLIST_KEY_UISupportedInterfaceOrientations_iPhone = "UIInterfaceOrientationPortrait UIInterfaceOrientationLandscapeLeft UIInterfaceOrientationLandscapeRight";
				LD_RUNPATH_SEARCH_PATHS = (
					"$(inherited)",
					"@executable_path/Frameworks",
				);
				MARKETING_VERSION = 1.0;
				PRODUCT_BUNDLE_IDENTIFIER = "com.nesesenay.BMI-BMR-Calculator";
				PRODUCT_NAME = "$(TARGET_NAME)";
				SWIFT_EMIT_LOC_STRINGS = YES;
				SWIFT_VERSION = 5.0;
				TARGETED_DEVICE_FAMILY = "1,2";
			};
			name = Debug;
		};
		B542123527F3809F00B26F86 /* Release */ = {
			isa = XCBuildConfiguration;
			buildSettings = {
				ASSETCATALOG_COMPILER_APPICON_NAME = AppIcon;
				ASSETCATALOG_COMPILER_GLOBAL_ACCENT_COLOR_NAME = AccentColor;
				CODE_SIGN_STYLE = Automatic;
				CURRENT_PROJECT_VERSION = 1;
				DEVELOPMENT_TEAM = 757AUR3275;
				GENERATE_INFOPLIST_FILE = YES;
				INFOPLIST_FILE = "BMI-BMR-Calculator/Info.plist";
				INFOPLIST_KEY_UIApplicationSupportsIndirectInputEvents = YES;
				INFOPLIST_KEY_UILaunchStoryboardName = LaunchScreen;
				INFOPLIST_KEY_UIMainStoryboardFile = Main;
				INFOPLIST_KEY_UISupportedInterfaceOrientations_iPad = "UIInterfaceOrientationPortrait UIInterfaceOrientationPortraitUpsideDown UIInterfaceOrientationLandscapeLeft UIInterfaceOrientationLandscapeRight";
				INFOPLIST_KEY_UISupportedInterfaceOrientations_iPhone = "UIInterfaceOrientationPortrait UIInterfaceOrientationLandscapeLeft UIInterfaceOrientationLandscapeRight";
				LD_RUNPATH_SEARCH_PATHS = (
					"$(inherited)",
					"@executable_path/Frameworks",
				);
				MARKETING_VERSION = 1.0;
				PRODUCT_BUNDLE_IDENTIFIER = "com.nesesenay.BMI-BMR-Calculator";
				PRODUCT_NAME = "$(TARGET_NAME)";
				SWIFT_EMIT_LOC_STRINGS = YES;
				SWIFT_VERSION = 5.0;
				TARGETED_DEVICE_FAMILY = "1,2";
			};
			name = Release;
		};
/* End XCBuildConfiguration section */

/* Begin XCConfigurationList section */
		B542121727F3809C00B26F86 /* Build configuration list for PBXProject "BMI-BMR-Calculator" */ = {
			isa = XCConfigurationList;
			buildConfigurations = (
				B542123127F3809F00B26F86 /* Debug */,
				B542123227F3809F00B26F86 /* Release */,
			);
			defaultConfigurationIsVisible = 0;
			defaultConfigurationName = Release;
		};
		B542123327F3809F00B26F86 /* Build configuration list for PBXNativeTarget "BMI-BMR-Calculator" */ = {
			isa = XCConfigurationList;
			buildConfigurations = (
				B542123427F3809F00B26F86 /* Debug */,
				B542123527F3809F00B26F86 /* Release */,
			);
			defaultConfigurationIsVisible = 0;
			defaultConfigurationName = Release;
		};
/* End XCConfigurationList section */

/* Begin XCVersionGroup section */
		B542122827F3809C00B26F86 /* BMI_BMR_Calculator.xcdatamodeld */ = {
			isa = XCVersionGroup;
			children = (
				B542122927F3809C00B26F86 /* BMI_BMR_Calculator.xcdatamodel */,
			);
			currentVersion = B542122927F3809C00B26F86 /* BMI_BMR_Calculator.xcdatamodel */;
			path = BMI_BMR_Calculator.xcdatamodeld;
			sourceTree = "<group>";
			versionGroupType = wrapper.xcdatamodel;
		};
/* End XCVersionGroup section */
	};
	rootObject = B542121427F3809C00B26F86 /* Project object */;
}
